
Microsoft Visual Studio Solution File, Format Version 11.00
# Visual Studio 2010
Project("{FAE04EC0-301F-11D3-BF4B-00C04F79EFBC}") = "OptimizedScrollView", "Assembly-CSharp.csproj", "{6414CB69-4C72-B6F5-641A-21DD137CE598}"
EndProject
Project("{FAE04EC0-301F-11D3-BF4B-00C04F79EFBC}") = "OptimizedScrollView", "Assembly-CSharp-Editor.csproj", "{10BF5E1A-AC05-BD95-E8B1-70A605627AC3}"
EndProject
Global
	GlobalSection(SolutionConfigurationPlatforms) = preSolution
		Debug|Any CPU = Debug|Any CPU
		Release|Any CPU = Release|Any CPU
	EndGlobalSection
	GlobalSection(ProjectConfigurationPlatforms) = postSolution
		{6414CB69-4C72-B6F5-641A-21DD137CE598}.Debug|Any CPU.ActiveCfg = Debug|Any CPU
		{6414CB69-4C72-B6F5-641A-21DD137CE598}.Debug|Any CPU.Build.0 = Debug|Any CPU
		{6414CB69-4C72-B6F5-641A-21DD137CE598}.Release|Any CPU.ActiveCfg = Release|Any CPU
		{6414CB69-4C72-B6F5-641A-21DD137CE598}.Release|Any CPU.Build.0 = Release|Any CPU
		{10BF5E1A-AC05-BD95-E8B1-70A605627AC3}.Debug|Any CPU.ActiveCfg = Debug|Any CPU
		{10BF5E1A-AC05-BD95-E8B1-70A605627AC3}.Debug|Any CPU.Build.0 = Debug|Any CPU
		{10BF5E1A-AC05-BD95-E8B1-70A605627AC3}.Release|Any CPU.ActiveCfg = Release|Any CPU
		{10BF5E1A-AC05-BD95-E8B1-70A605627AC3}.Release|Any CPU.Build.0 = Release|Any CPU
	EndGlobalSection
	GlobalSection(SolutionProperties) = preSolution
		HideSolutionNode = FALSE
	EndGlobalSection
	GlobalSection(MonoDevelopProperties) = preSolution
		StartupItem = Assembly-CSharp.csproj
	EndGlobalSection
EndGlobal
